
Microsoft Visual Studio Solution File, Format Version 12.00
Project("{FAE04EC0-301F-11D3-BF4B-00C04F79EFBC}") = "Gilboy.Api", "src\Gilboy.Api\Gilboy.Api.csproj", "{6740D257-9B8B-4422-90D5-FBA64FEA7E69}"
EndProject
Project("{FAE04EC0-301F-11D3-BF4B-00C04F79EFBC}") = "Gilboy.Web", "src\Gilboy.Web\Gilboy.Web.csproj", "{A97FF57E-0467-4272-8FF5-AC88A21AEAC6}"
EndProject
Project("{FAE04EC0-301F-11D3-BF4B-00C04F79EFBC}") = "Gilboy.Messages", "src\Gilboy.Messages\Gilboy.Messages.csproj", "{3D2B326C-62EB-432B-874F-1B2828C8086B}"
EndProject
Global
	GlobalSection(SolutionConfigurationPlatforms) = preSolution
		Debug|Any CPU = Debug|Any CPU
		Release|Any CPU = Release|Any CPU
	EndGlobalSection
	GlobalSection(ProjectConfigurationPlatforms) = postSolution
		{6740D257-9B8B-4422-90D5-FBA64FEA7E69}.Debug|Any CPU.ActiveCfg = Debug|Any CPU
		{6740D257-9B8B-4422-90D5-FBA64FEA7E69}.Debug|Any CPU.Build.0 = Debug|Any CPU
		{6740D257-9B8B-4422-90D5-FBA64FEA7E69}.Release|Any CPU.ActiveCfg = Release|Any CPU
		{6740D257-9B8B-4422-90D5-FBA64FEA7E69}.Release|Any CPU.Build.0 = Release|Any CPU
		{A97FF57E-0467-4272-8FF5-AC88A21AEAC6}.Debug|Any CPU.ActiveCfg = Debug|Any CPU
		{A97FF57E-0467-4272-8FF5-AC88A21AEAC6}.Debug|Any CPU.Build.0 = Debug|Any CPU
		{A97FF57E-0467-4272-8FF5-AC88A21AEAC6}.Release|Any CPU.ActiveCfg = Release|Any CPU
		{A97FF57E-0467-4272-8FF5-AC88A21AEAC6}.Release|Any CPU.Build.0 = Release|Any CPU
		{3D2B326C-62EB-432B-874F-1B2828C8086B}.Debug|Any CPU.ActiveCfg = Debug|Any CPU
		{3D2B326C-62EB-432B-874F-1B2828C8086B}.Debug|Any CPU.Build.0 = Debug|Any CPU
		{3D2B326C-62EB-432B-874F-1B2828C8086B}.Release|Any CPU.ActiveCfg = Release|Any CPU
		{3D2B326C-62EB-432B-874F-1B2828C8086B}.Release|Any CPU.Build.0 = Release|Any CPU
	EndGlobalSection
EndGlobal
